// !$*UTF8*$!
{
	archiveVersion = 1;
	classes = {
	};
	objectVersion = 56;
	objects = {

/* Begin PBXBuildFile section */
		49DC699E2AA382D60004412D /* SettingsViewController.swift in Sources */ = {isa = PBXBuildFile; fileRef = 49DC699D2AA382D60004412D /* SettingsViewController.swift */; };
		49F575192AA1224300FEF123 /* AppDelegate.swift in Sources */ = {isa = PBXBuildFile; fileRef = 49F575182AA1224300FEF123 /* AppDelegate.swift */; };
		49F5751B2AA1224300FEF123 /* SceneDelegate.swift in Sources */ = {isa = PBXBuildFile; fileRef = 49F5751A2AA1224300FEF123 /* SceneDelegate.swift */; };
		49F5751D2AA1224300FEF123 /* ViewController.swift in Sources */ = {isa = PBXBuildFile; fileRef = 49F5751C2AA1224300FEF123 /* ViewController.swift */; };
		49F575202AA1224300FEF123 /* Main.storyboard in Resources */ = {isa = PBXBuildFile; fileRef = 49F5751E2AA1224300FEF123 /* Main.storyboard */; };
		49F575222AA1224500FEF123 /* Assets.xcassets in Resources */ = {isa = PBXBuildFile; fileRef = 49F575212AA1224500FEF123 /* Assets.xcassets */; };
		49F575252AA1224500FEF123 /* LaunchScreen.storyboard in Resources */ = {isa = PBXBuildFile; fileRef = 49F575232AA1224500FEF123 /* LaunchScreen.storyboard */; };
		49F575302AA1224500FEF123 /* Assignment7Tests.swift in Sources */ = {isa = PBXBuildFile; fileRef = 49F5752F2AA1224500FEF123 /* Assignment7Tests.swift */; };
		49F5753A2AA1224500FEF123 /* Assignment7UITests.swift in Sources */ = {isa = PBXBuildFile; fileRef = 49F575392AA1224500FEF123 /* Assignment7UITests.swift */; };
		49F5753C2AA1224500FEF123 /* Assignment7UITestsLaunchTests.swift in Sources */ = {isa = PBXBuildFile; fileRef = 49F5753B2AA1224500FEF123 /* Assignment7UITestsLaunchTests.swift */; };
		49F575492AA1298500FEF123 /* Settings.swift in Sources */ = {isa = PBXBuildFile; fileRef = 49F575482AA1298500FEF123 /* Settings.swift */; };
/* End PBXBuildFile section */

/* Begin PBXContainerItemProxy section */
		49F5752C2AA1224500FEF123 /* PBXContainerItemProxy */ = {
			isa = PBXContainerItemProxy;
			containerPortal = 49F5750D2AA1224300FEF123 /* Project object */;
			proxyType = 1;
			remoteGlobalIDString = 49F575142AA1224300FEF123;
			remoteInfo = Assignment7;
		};
		49F575362AA1224500FEF123 /* PBXContainerItemProxy */ = {
			isa = PBXContainerItemProxy;
			containerPortal = 49F5750D2AA1224300FEF123 /* Project object */;
			proxyType = 1;
			remoteGlobalIDString = 49F575142AA1224300FEF123;
			remoteInfo = Assignment7;
		};
/* End PBXContainerItemProxy section */

/* Begin PBXFileReference section */
		49DC699D2AA382D60004412D /* SettingsViewController.swift */ = {isa = PBXFileReference; lastKnownFileType = sourcecode.swift; path = SettingsViewController.swift; sourceTree = "<group>"; };
		49F575152AA1224300FEF123 /* Assignment7.app */ = {isa = PBXFileReference; explicitFileType = wrapper.application; includeInIndex = 0; path = Assignment7.app; sourceTree = BUILT_PRODUCTS_DIR; };
		49F575182AA1224300FEF123 /* AppDelegate.swift */ = {isa = PBXFileReference; lastKnownFileType = sourcecode.swift; path = AppDelegate.swift; sourceTree = "<group>"; };
		49F5751A2AA1224300FEF123 /* SceneDelegate.swift */ = {isa = PBXFileReference; lastKnownFileType = sourcecode.swift; path = SceneDelegate.swift; sourceTree = "<group>"; };
		49F5751C2AA1224300FEF123 /* ViewController.swift */ = {isa = PBXFileReference; lastKnownFileType = sourcecode.swift; path = ViewController.swift; sourceTree = "<group>"; };
		49F5751F2AA1224300FEF123 /* Base */ = {isa = PBXFileReference; lastKnownFileType = file.storyboard; name = Base; path = Base.lproj/Main.storyboard; sourceTree = "<group>"; };
		49F575212AA1224500FEF123 /* Assets.xcassets */ = {isa = PBXFileReference; lastKnownFileType = folder.assetcatalog; path = Assets.xcassets; sourceTree = "<group>"; };
		49F575242AA1224500FEF123 /* Base */ = {isa = PBXFileReference; lastKnownFileType = file.storyboard; name = Base; path = Base.lproj/LaunchScreen.storyboard; sourceTree = "<group>"; };
		49F575262AA1224500FEF123 /* Info.plist */ = {isa = PBXFileReference; lastKnownFileType = text.plist.xml; path = Info.plist; sourceTree = "<group>"; };
		49F5752B2AA1224500FEF123 /* Assignment7Tests.xctest */ = {isa = PBXFileReference; explicitFileType = wrapper.cfbundle; includeInIndex = 0; path = Assignment7Tests.xctest; sourceTree = BUILT_PRODUCTS_DIR; };
		49F5752F2AA1224500FEF123 /* Assignment7Tests.swift */ = {isa = PBXFileReference; lastKnownFileType = sourcecode.swift; path = Assignment7Tests.swift; sourceTree = "<group>"; };
		49F575352AA1224500FEF123 /* Assignment7UITests.xctest */ = {isa = PBXFileReference; explicitFileType = wrapper.cfbundle; includeInIndex = 0; path = Assignment7UITests.xctest; sourceTree = BUILT_PRODUCTS_DIR; };
		49F575392AA1224500FEF123 /* Assignment7UITests.swift */ = {isa = PBXFileReference; lastKnownFileType = sourcecode.swift; path = Assignment7UITests.swift; sourceTree = "<group>"; };
		49F5753B2AA1224500FEF123 /* Assignment7UITestsLaunchTests.swift */ = {isa = PBXFileReference; lastKnownFileType = sourcecode.swift; path = Assignment7UITestsLaunchTests.swift; sourceTree = "<group>"; };
		49F575482AA1298500FEF123 /* Settings.swift */ = {isa = PBXFileReference; lastKnownFileType = sourcecode.swift; path = Settings.swift; sourceTree = "<group>"; };
/* End PBXFileReference section */

/* Begin PBXFrameworksBuildPhase section */
		49F575122AA1224300FEF123 /* Frameworks */ = {
			isa = PBXFrameworksBuildPhase;
			buildActionMask = 2147483647;
			files = (
			);
			runOnlyForDeploymentPostprocessing = 0;
		};
		49F575282AA1224500FEF123 /* Frameworks */ = {
			isa = PBXFrameworksBuildPhase;
			buildActionMask = 2147483647;
			files = (
			);
			runOnlyForDeploymentPostprocessing = 0;
		};
		49F575322AA1224500FEF123 /* Frameworks */ = {
			isa = PBXFrameworksBuildPhase;
			buildActionMask = 2147483647;
			files = (
			);
			runOnlyForDeploymentPostprocessing = 0;
		};
/* End PBXFrameworksBuildPhase section */

/* Begin PBXGroup section */
		49F5750C2AA1224300FEF123 = {
			isa = PBXGroup;
			children = (
				49F575172AA1224300FEF123 /* Assignment7 */,
				49F5752E2AA1224500FEF123 /* Assignment7Tests */,
				49F575382AA1224500FEF123 /* Assignment7UITests */,
				49F575162AA1224300FEF123 /* Products */,
			);
			sourceTree = "<group>";
		};
		49F575162AA1224300FEF123 /* Products */ = {
			isa = PBXGroup;
			children = (
				49F575152AA1224300FEF123 /* Assignment7.app */,
				49F5752B2AA1224500FEF123 /* Assignment7Tests.xctest */,
				49F575352AA1224500FEF123 /* Assignment7UITests.xctest */,
			);
			name = Products;
			sourceTree = "<group>";
		};
		49F575172AA1224300FEF123 /* Assignment7 */ = {
			isa = PBXGroup;
			children = (
				49F575182AA1224300FEF123 /* AppDelegate.swift */,
				49F5751A2AA1224300FEF123 /* SceneDelegate.swift */,
				49F5751C2AA1224300FEF123 /* ViewController.swift */,
				49F575482AA1298500FEF123 /* Settings.swift */,
				49DC699D2AA382D60004412D /* SettingsViewController.swift */,
				49F5751E2AA1224300FEF123 /* Main.storyboard */,
				49F575212AA1224500FEF123 /* Assets.xcassets */,
				49F575232AA1224500FEF123 /* LaunchScreen.storyboard */,
				49F575262AA1224500FEF123 /* Info.plist */,
			);
			path = Assignment7;
			sourceTree = "<group>";
		};
		49F5752E2AA1224500FEF123 /* Assignment7Tests */ = {
			isa = PBXGroup;
			children = (
				49F5752F2AA1224500FEF123 /* Assignment7Tests.swift */,
			);
			path = Assignment7Tests;
			sourceTree = "<group>";
		};
		49F575382AA1224500FEF123 /* Assignment7UITests */ = {
			isa = PBXGroup;
			children = (
				49F575392AA1224500FEF123 /* Assignment7UITests.swift */,
				49F5753B2AA1224500FEF123 /* Assignment7UITestsLaunchTests.swift */,
			);
			path = Assignment7UITests;
			sourceTree = "<group>";
		};
/* End PBXGroup section */

/* Begin PBXNativeTarget section */
		49F575142AA1224300FEF123 /* Assignment7 */ = {
			isa = PBXNativeTarget;
			buildConfigurationList = 49F5753F2AA1224500FEF123 /* Build configuration list for PBXNativeTarget "Assignment7" */;
			buildPhases = (
				49F575112AA1224300FEF123 /* Sources */,
				49F575122AA1224300FEF123 /* Frameworks */,
				49F575132AA1224300FEF123 /* Resources */,
			);
			buildRules = (
			);
			dependencies = (
			);
			name = Assignment7;
			productName = Assignment7;
			productReference = 49F575152AA1224300FEF123 /* Assignment7.app */;
			productType = "com.apple.product-type.application";
		};
		49F5752A2AA1224500FEF123 /* Assignment7Tests */ = {
			isa = PBXNativeTarget;
			buildConfigurationList = 49F575422AA1224500FEF123 /* Build configuration list for PBXNativeTarget "Assignment7Tests" */;
			buildPhases = (
				49F575272AA1224500FEF123 /* Sources */,
				49F575282AA1224500FEF123 /* Frameworks */,
				49F575292AA1224500FEF123 /* Resources */,
			);
			buildRules = (
			);
			dependencies = (
				49F5752D2AA1224500FEF123 /* PBXTargetDependency */,
			);
			name = Assignment7Tests;
			productName = Assignment7Tests;
			productReference = 49F5752B2AA1224500FEF123 /* Assignment7Tests.xctest */;
			productType = "com.apple.product-type.bundle.unit-test";
		};
		49F575342AA1224500FEF123 /* Assignment7UITests */ = {
			isa = PBXNativeTarget;
			buildConfigurationList = 49F575452AA1224500FEF123 /* Build configuration list for PBXNativeTarget "Assignment7UITests" */;
			buildPhases = (
				49F575312AA1224500FEF123 /* Sources */,
				49F575322AA1224500FEF123 /* Frameworks */,
				49F575332AA1224500FEF123 /* Resources */,
			);
			buildRules = (
			);
			dependencies = (
				49F575372AA1224500FEF123 /* PBXTargetDependency */,
			);
			name = Assignment7UITests;
			productName = Assignment7UITests;
			productReference = 49F575352AA1224500FEF123 /* Assignment7UITests.xctest */;
			productType = "com.apple.product-type.bundle.ui-testing";
		};
/* End PBXNativeTarget section */

/* Begin PBXProject section */
		49F5750D2AA1224300FEF123 /* Project object */ = {
			isa = PBXProject;
			attributes = {
				BuildIndependentTargetsInParallel = 1;
				LastSwiftUpdateCheck = 1430;
				LastUpgradeCheck = 1430;
				TargetAttributes = {
					49F575142AA1224300FEF123 = {
						CreatedOnToolsVersion = 14.3.1;
					};
					49F5752A2AA1224500FEF123 = {
						CreatedOnToolsVersion = 14.3.1;
						TestTargetID = 49F575142AA1224300FEF123;
					};
					49F575342AA1224500FEF123 = {
						CreatedOnToolsVersion = 14.3.1;
						TestTargetID = 49F575142AA1224300FEF123;
					};
				};
			};
			buildConfigurationList = 49F575102AA1224300FEF123 /* Build configuration list for PBXProject "Assignment7" */;
			compatibilityVersion = "Xcode 14.0";
			developmentRegion = en;
			hasScannedForEncodings = 0;
			knownRegions = (
				en,
				Base,
			);
			mainGroup = 49F5750C2AA1224300FEF123;
			productRefGroup = 49F575162AA1224300FEF123 /* Products */;
			projectDirPath = "";
			projectRoot = "";
			targets = (
				49F575142AA1224300FEF123 /* Assignment7 */,
				49F5752A2AA1224500FEF123 /* Assignment7Tests */,
				49F575342AA1224500FEF123 /* Assignment7UITests */,
			);
		};
/* End PBXProject section */

/* Begin PBXResourcesBuildPhase section */
		49F575132AA1224300FEF123 /* Resources */ = {
			isa = PBXResourcesBuildPhase;
			buildActionMask = 2147483647;
			files = (
				49F575252AA1224500FEF123 /* LaunchScreen.storyboard in Resources */,
				49F575222AA1224500FEF123 /* Assets.xcassets in Resources */,
				49F575202AA1224300FEF123 /* Main.storyboard in Resources */,
			);
			runOnlyForDeploymentPostprocessing = 0;
		};
		49F575292AA1224500FEF123 /* Resources */ = {
			isa = PBXResourcesBuildPhase;
			buildActionMask = 2147483647;
			files = (
			);
			runOnlyForDeploymentPostprocessing = 0;
		};
		49F575332AA1224500FEF123 /* Resources */ = {
			isa = PBXResourcesBuildPhase;
			buildActionMask = 2147483647;
			files = (
			);
			runOnlyForDeploymentPostprocessing = 0;
		};
/* End PBXResourcesBuildPhase section */

/* Begin PBXSourcesBuildPhase section */
		49F575112AA1224300FEF123 /* Sources */ = {
			isa = PBXSourcesBuildPhase;
			buildActionMask = 2147483647;
			files = (
				49F5751D2AA1224300FEF123 /* ViewController.swift in Sources */,
				49F575192AA1224300FEF123 /* AppDelegate.swift in Sources */,
				49F575492AA1298500FEF123 /* Settings.swift in Sources */,
				49DC699E2AA382D60004412D /* SettingsViewController.swift in Sources */,
				49F5751B2AA1224300FEF123 /* SceneDelegate.swift in Sources */,
			);
			runOnlyForDeploymentPostprocessing = 0;
		};
		49F575272AA1224500FEF123 /* Sources */ = {
			isa = PBXSourcesBuildPhase;
			buildActionMask = 2147483647;
			files = (
				49F575302AA1224500FEF123 /* Assignment7Tests.swift in Sources */,
			);
			runOnlyForDeploymentPostprocessing = 0;
		};
		49F575312AA1224500FEF123 /* Sources */ = {
			isa = PBXSourcesBuildPhase;
			buildActionMask = 2147483647;
			files = (
				49F5753A2AA1224500FEF123 /* Assignment7UITests.swift in Sources */,
				49F5753C2AA1224500FEF123 /* Assignment7UITestsLaunchTests.swift in Sources */,
			);
			runOnlyForDeploymentPostprocessing = 0;
		};
/* End PBXSourcesBuildPhase section */

/* Begin PBXTargetDependency section */
		49F5752D2AA1224500FEF123 /* PBXTargetDependency */ = {
			isa = PBXTargetDependency;
			target = 49F575142AA1224300FEF123 /* Assignment7 */;
			targetProxy = 49F5752C2AA1224500FEF123 /* PBXContainerItemProxy */;
		};
		49F575372AA1224500FEF123 /* PBXTargetDependency */ = {
			isa = PBXTargetDependency;
			target = 49F575142AA1224300FEF123 /* Assignment7 */;
			targetProxy = 49F575362AA1224500FEF123 /* PBXContainerItemProxy */;
		};
/* End PBXTargetDependency section */

/* Begin PBXVariantGroup section */
		49F5751E2AA1224300FEF123 /* Main.storyboard */ = {
			isa = PBXVariantGroup;
			children = (
				49F5751F2AA1224300FEF123 /* Base */,
			);
			name = Main.storyboard;
			sourceTree = "<group>";
		};
		49F575232AA1224500FEF123 /* LaunchScreen.storyboard */ = {
			isa = PBXVariantGroup;
			children = (
				49F575242AA1224500FEF123 /* Base */,
			);
			name = LaunchScreen.storyboard;
			sourceTree = "<group>";
		};
/* End PBXVariantGroup section */

/* Begin XCBuildConfiguration section */
		49F5753D2AA1224500FEF123 /* Debug */ = {
			isa = XCBuildConfiguration;
			buildSettings = {
				ALWAYS_SEARCH_USER_PATHS = NO;
				CLANG_ANALYZER_NONNULL = YES;
				CLANG_ANALYZER_NUMBER_OBJECT_CONVERSION = YES_AGGRESSIVE;
				CLANG_CXX_LANGUAGE_STANDARD = "gnu++20";
				CLANG_ENABLE_MODULES = YES;
				CLANG_ENABLE_OBJC_ARC = YES;
				CLANG_ENABLE_OBJC_WEAK = YES;
				CLANG_WARN_BLOCK_CAPTURE_AUTORELEASING = YES;
				CLANG_WARN_BOOL_CONVERSION = YES;
				CLANG_WARN_COMMA = YES;
				CLANG_WARN_CONSTANT_CONVERSION = YES;
				CLANG_WARN_DEPRECATED_OBJC_IMPLEMENTATIONS = YES;
				CLANG_WARN_DIRECT_OBJC_ISA_USAGE = YES_ERROR;
				CLANG_WARN_DOCUMENTATION_COMMENTS = YES;
				CLANG_WARN_EMPTY_BODY = YES;
				CLANG_WARN_ENUM_CONVERSION = YES;
				CLANG_WARN_INFINITE_RECURSION = YES;
				CLANG_WARN_INT_CONVERSION = YES;
				CLANG_WARN_NON_LITERAL_NULL_CONVERSION = YES;
				CLANG_WARN_OBJC_IMPLICIT_RETAIN_SELF = YES;
				CLANG_WARN_OBJC_LITERAL_CONVERSION = YES;
				CLANG_WARN_OBJC_ROOT_CLASS = YES_ERROR;
				CLANG_WARN_QUOTED_INCLUDE_IN_FRAMEWORK_HEADER = YES;
				CLANG_WARN_RANGE_LOOP_ANALYSIS = YES;
				CLANG_WARN_STRICT_PROTOTYPES = YES;
				CLANG_WARN_SUSPICIOUS_MOVE = YES;
				CLANG_WARN_UNGUARDED_AVAILABILITY = YES_AGGRESSIVE;
				CLANG_WARN_UNREACHABLE_CODE = YES;
				CLANG_WARN__DUPLICATE_METHOD_MATCH = YES;
				COPY_PHASE_STRIP = NO;
				DEBUG_INFORMATION_FORMAT = dwarf;
				ENABLE_STRICT_OBJC_MSGSEND = YES;
				ENABLE_TESTABILITY = YES;
				GCC_C_LANGUAGE_STANDARD = gnu11;
				GCC_DYNAMIC_NO_PIC = NO;
				GCC_NO_COMMON_BLOCKS = YES;
				GCC_OPTIMIZATION_LEVEL = 0;
				GCC_PREPROCESSOR_DEFINITIONS = (
					"DEBUG=1",
					"$(inherited)",
				);
				GCC_WARN_64_TO_32_BIT_CONVERSION = YES;
				GCC_WARN_ABOUT_RETURN_TYPE = YES_ERROR;
				GCC_WARN_UNDECLARED_SELECTOR = YES;
				GCC_WARN_UNINITIALIZED_AUTOS = YES_AGGRESSIVE;
				GCC_WARN_UNUSED_FUNCTION = YES;
				GCC_WARN_UNUSED_VARIABLE = YES;
				IPHONEOS_DEPLOYMENT_TARGET = 16.4;
				MTL_ENABLE_DEBUG_INFO = INCLUDE_SOURCE;
				MTL_FAST_MATH = YES;
				ONLY_ACTIVE_ARCH = YES;
				SDKROOT = iphoneos;
				SWIFT_ACTIVE_COMPILATION_CONDITIONS = DEBUG;
				SWIFT_OPTIMIZATION_LEVEL = "-Onone";
			};
			name = Debug;
		};
		49F5753E2AA1224500FEF123 /* Release */ = {
			isa = XCBuildConfiguration;
			buildSettings = {
				ALWAYS_SEARCH_USER_PATHS = NO;
				CLANG_ANALYZER_NONNULL = YES;
				CLANG_ANALYZER_NUMBER_OBJECT_CONVERSION = YES_AGGRESSIVE;
				CLANG_CXX_LANGUAGE_STANDARD = "gnu++20";
				CLANG_ENABLE_MODULES = YES;
				CLANG_ENABLE_OBJC_ARC = YES;
				CLANG_ENABLE_OBJC_WEAK = YES;
				CLANG_WARN_BLOCK_CAPTURE_AUTORELEASING = YES;
				CLANG_WARN_BOOL_CONVERSION = YES;
				CLANG_WARN_COMMA = YES;
				CLANG_WARN_CONSTANT_CONVERSION = YES;
				CLANG_WARN_DEPRECATED_OBJC_IMPLEMENTATIONS = YES;
				CLANG_WARN_DIRECT_OBJC_ISA_USAGE = YES_ERROR;
				CLANG_WARN_DOCUMENTATION_COMMENTS = YES;
				CLANG_WARN_EMPTY_BODY = YES;
				CLANG_WARN_ENUM_CONVERSION = YES;
				CLANG_WARN_INFINITE_RECURSION = YES;
				CLANG_WARN_INT_CONVERSION = YES;
				CLANG_WARN_NON_LITERAL_NULL_CONVERSION = YES;
				CLANG_WARN_OBJC_IMPLICIT_RETAIN_SELF = YES;
				CLANG_WARN_OBJC_LITERAL_CONVERSION = YES;
				CLANG_WARN_OBJC_ROOT_CLASS = YES_ERROR;
				CLANG_WARN_QUOTED_INCLUDE_IN_FRAMEWORK_HEADER = YES;
				CLANG_WARN_RANGE_LOOP_ANALYSIS = YES;
				CLANG_WARN_STRICT_PROTOTYPES = YES;
				CLANG_WARN_SUSPICIOUS_MOVE = YES;
				CLANG_WARN_UNGUARDED_AVAILABILITY = YES_AGGRESSIVE;
				CLANG_WARN_UNREACHABLE_CODE = YES;
				CLANG_WARN__DUPLICATE_METHOD_MATCH = YES;
				COPY_PHASE_STRIP = NO;
				DEBUG_INFORMATION_FORMAT = "dwarf-with-dsym";
				ENABLE_NS_ASSERTIONS = NO;
				ENABLE_STRICT_OBJC_MSGSEND = YES;
				GCC_C_LANGUAGE_STANDARD = gnu11;
				GCC_NO_COMMON_BLOCKS = YES;
				GCC_WARN_64_TO_32_BIT_CONVERSION = YES;
				GCC_WARN_ABOUT_RETURN_TYPE = YES_ERROR;
				GCC_WARN_UNDECLARED_SELECTOR = YES;
				GCC_WARN_UNINITIALIZED_AUTOS = YES_AGGRESSIVE;
				GCC_WARN_UNUSED_FUNCTION = YES;
				GCC_WARN_UNUSED_VARIABLE = YES;
				IPHONEOS_DEPLOYMENT_TARGET = 16.4;
				MTL_ENABLE_DEBUG_INFO = NO;
				MTL_FAST_MATH = YES;
				SDKROOT = iphoneos;
				SWIFT_COMPILATION_MODE = wholemodule;
				SWIFT_OPTIMIZATION_LEVEL = "-O";
				VALIDATE_PRODUCT = YES;
			};
			name = Release;
		};
		49F575402AA1224500FEF123 /* Debug */ = {
			isa = XCBuildConfiguration;
			buildSettings = {
				ASSETCATALOG_COMPILER_APPICON_NAME = AppIcon;
				ASSETCATALOG_COMPILER_GLOBAL_ACCENT_COLOR_NAME = AccentColor;
				CODE_SIGN_STYLE = Automatic;
				CURRENT_PROJECT_VERSION = 1;
				GENERATE_INFOPLIST_FILE = YES;
				INFOPLIST_FILE = Assignment7/Info.plist;
				INFOPLIST_KEY_UIApplicationSupportsIndirectInputEvents = YES;
				INFOPLIST_KEY_UILaunchStoryboardName = LaunchScreen;
				INFOPLIST_KEY_UIMainStoryboardFile = Main;
				INFOPLIST_KEY_UISupportedInterfaceOrientations_iPad = "UIInterfaceOrientationPortrait UIInterfaceOrientationPortraitUpsideDown UIInterfaceOrientationLandscapeLeft UIInterfaceOrientationLandscapeRight";
				INFOPLIST_KEY_UISupportedInterfaceOrientations_iPhone = "UIInterfaceOrientationPortrait UIInterfaceOrientationLandscapeLeft UIInterfaceOrientationLandscapeRight";
				LD_RUNPATH_SEARCH_PATHS = (
					"$(inherited)",
					"@executable_path/Frameworks",
				);
				MARKETING_VERSION = 1.0;
				PRODUCT_BUNDLE_IDENTIFIER = com.mac.Assignment7;
				PRODUCT_NAME = "$(TARGET_NAME)";
				SWIFT_EMIT_LOC_STRINGS = YES;
				SWIFT_VERSION = 5.0;
				TARGETED_DEVICE_FAMILY = "1,2";
			};
			name = Debug;
		};
		49F575412AA1224500FEF123 /* Release */ = {
			isa = XCBuildConfiguration;
			buildSettings = {
				ASSETCATALOG_COMPILER_APPICON_NAME = AppIcon;
				ASSETCATALOG_COMPILER_GLOBAL_ACCENT_COLOR_NAME = AccentColor;
				CODE_SIGN_STYLE = Automatic;
				CURRENT_PROJECT_VERSION = 1;
				GENERATE_INFOPLIST_FILE = YES;
				INFOPLIST_FILE = Assignment7/Info.plist;
				INFOPLIST_KEY_UIApplicationSupportsIndirectInputEvents = YES;
				INFOPLIST_KEY_UILaunchStoryboardName = LaunchScreen;
				INFOPLIST_KEY_UIMainStoryboardFile = Main;
				INFOPLIST_KEY_UISupportedInterfaceOrientations_iPad = "UIInterfaceOrientationPortrait UIInterfaceOrientationPortraitUpsideDown UIInterfaceOrientationLandscapeLeft UIInterfaceOrientationLandscapeRight";
				INFOPLIST_KEY_UISupportedInterfaceOrientations_iPhone = "UIInterfaceOrientationPortrait UIInterfaceOrientationLandscapeLeft UIInterfaceOrientationLandscapeRight";
				LD_RUNPATH_SEARCH_PATHS = (
					"$(inherited)",
					"@executable_path/Frameworks",
				);
				MARKETING_VERSION = 1.0;
				PRODUCT_BUNDLE_IDENTIFIER = com.mac.Assignment7;
				PRODUCT_NAME = "$(TARGET_NAME)";
				SWIFT_EMIT_LOC_STRINGS = YES;
				SWIFT_VERSION = 5.0;
				TARGETED_DEVICE_FAMILY = "1,2";
			};
			name = Release;
		};
		49F575432AA1224500FEF123 /* Debug */ = {
			isa = XCBuildConfiguration;
			buildSettings = {
				ALWAYS_EMBED_SWIFT_STANDARD_LIBRARIES = YES;
				BUNDLE_LOADER = "$(TEST_HOST)";
				CODE_SIGN_STYLE = Automatic;
				CURRENT_PROJECT_VERSION = 1;
				GENERATE_INFOPLIST_FILE = YES;
				IPHONEOS_DEPLOYMENT_TARGET = 16.4;
				MARKETING_VERSION = 1.0;
				PRODUCT_BUNDLE_IDENTIFIER = com.mac.Assignment7Tests;
				PRODUCT_NAME = "$(TARGET_NAME)";
				SWIFT_EMIT_LOC_STRINGS = NO;
				SWIFT_VERSION = 5.0;
				TARGETED_DEVICE_FAMILY = "1,2";
				TEST_HOST = "$(BUILT_PRODUCTS_DIR)/Assignment7.app/$(BUNDLE_EXECUTABLE_FOLDER_PATH)/Assignment7";
			};
			name = Debug;
		};
		49F575442AA1224500FEF123 /* Release */ = {
			isa = XCBuildConfiguration;
			buildSettings = {
				ALWAYS_EMBED_SWIFT_STANDARD_LIBRARIES = YES;
				BUNDLE_LOADER = "$(TEST_HOST)";
				CODE_SIGN_STYLE = Automatic;
				CURRENT_PROJECT_VERSION = 1;
				GENERATE_INFOPLIST_FILE = YES;
				IPHONEOS_DEPLOYMENT_TARGET = 16.4;
				MARKETING_VERSION = 1.0;
				PRODUCT_BUNDLE_IDENTIFIER = com.mac.Assignment7Tests;
				PRODUCT_NAME = "$(TARGET_NAME)";
				SWIFT_EMIT_LOC_STRINGS = NO;
				SWIFT_VERSION = 5.0;
				TARGETED_DEVICE_FAMILY = "1,2";
				TEST_HOST = "$(BUILT_PRODUCTS_DIR)/Assignment7.app/$(BUNDLE_EXECUTABLE_FOLDER_PATH)/Assignment7";
			};
			name = Release;
		};
		49F575462AA1224500FEF123 /* Debug */ = {
			isa = XCBuildConfiguration;
			buildSettings = {
				ALWAYS_EMBED_SWIFT_STANDARD_LIBRARIES = YES;
				CODE_SIGN_STYLE = Automatic;
				CURRENT_PROJECT_VERSION = 1;
				GENERATE_INFOPLIST_FILE = YES;
				MARKETING_VERSION = 1.0;
				PRODUCT_BUNDLE_IDENTIFIER = com.mac.Assignment7UITests;
				PRODUCT_NAME = "$(TARGET_NAME)";
				SWIFT_EMIT_LOC_STRINGS = NO;
				SWIFT_VERSION = 5.0;
				TARGETED_DEVICE_FAMILY = "1,2";
				TEST_TARGET_NAME = Assignment7;
			};
			name = Debug;
		};
		49F575472AA1224500FEF123 /* Release */ = {
			isa = XCBuildConfiguration;
			buildSettings = {
				ALWAYS_EMBED_SWIFT_STANDARD_LIBRARIES = YES;
				CODE_SIGN_STYLE = Automatic;
				CURRENT_PROJECT_VERSION = 1;
				GENERATE_INFOPLIST_FILE = YES;
				MARKETING_VERSION = 1.0;
				PRODUCT_BUNDLE_IDENTIFIER = com.mac.Assignment7UITests;
				PRODUCT_NAME = "$(TARGET_NAME)";
				SWIFT_EMIT_LOC_STRINGS = NO;
				SWIFT_VERSION = 5.0;
				TARGETED_DEVICE_FAMILY = "1,2";
				TEST_TARGET_NAME = Assignment7;
			};
			name = Release;
		};
/* End XCBuildConfiguration section */

/* Begin XCConfigurationList section */
		49F575102AA1224300FEF123 /* Build configuration list for PBXProject "Assignment7" */ = {
			isa = XCConfigurationList;
			buildConfigurations = (
				49F5753D2AA1224500FEF123 /* Debug */,
				49F5753E2AA1224500FEF123 /* Release */,
			);
			defaultConfigurationIsVisible = 0;
			defaultConfigurationName = Release;
		};
		49F5753F2AA1224500FEF123 /* Build configuration list for PBXNativeTarget "Assignment7" */ = {
			isa = XCConfigurationList;
			buildConfigurations = (
				49F575402AA1224500FEF123 /* Debug */,
				49F575412AA1224500FEF123 /* Release */,
			);
			defaultConfigurationIsVisible = 0;
			defaultConfigurationName = Release;
		};
		49F575422AA1224500FEF123 /* Build configuration list for PBXNativeTarget "Assignment7Tests" */ = {
			isa = XCConfigurationList;
			buildConfigurations = (
				49F575432AA1224500FEF123 /* Debug */,
				49F575442AA1224500FEF123 /* Release */,
			);
			defaultConfigurationIsVisible = 0;
			defaultConfigurationName = Release;
		};
		49F575452AA1224500FEF123 /* Build configuration list for PBXNativeTarget "Assignment7UITests" */ = {
			isa = XCConfigurationList;
			buildConfigurations = (
				49F575462AA1224500FEF123 /* Debug */,
				49F575472AA1224500FEF123 /* Release */,
			);
			defaultConfigurationIsVisible = 0;
			defaultConfigurationName = Release;
		};
/* End XCConfigurationList section */
	};
	rootObject = 49F5750D2AA1224300FEF123 /* Project object */;
}
