// !$*UTF8*$!
{
	archiveVersion = 1;
	classes = {
	};
	objectVersion = 56;
	objects = {

/* Begin PBXBuildFile section */
		49760C112A9A8FDD0096FC89 /* AppDelegate.swift in Sources */ = {isa = PBXBuildFile; fileRef = 49760C102A9A8FDD0096FC89 /* AppDelegate.swift */; };
		49760C132A9A8FDD0096FC89 /* SceneDelegate.swift in Sources */ = {isa = PBXBuildFile; fileRef = 49760C122A9A8FDD0096FC89 /* SceneDelegate.swift */; };
		49760C152A9A8FDD0096FC89 /* ViewController.swift in Sources */ = {isa = PBXBuildFile; fileRef = 49760C142A9A8FDD0096FC89 /* ViewController.swift */; };
		49760C182A9A8FDD0096FC89 /* Main.storyboard in Resources */ = {isa = PBXBuildFile; fileRef = 49760C162A9A8FDD0096FC89 /* Main.storyboard */; };
		49760C1A2A9A8FDE0096FC89 /* Assets.xcassets in Resources */ = {isa = PBXBuildFile; fileRef = 49760C192A9A8FDE0096FC89 /* Assets.xcassets */; };
		49760C1D2A9A8FDE0096FC89 /* LaunchScreen.storyboard in Resources */ = {isa = PBXBuildFile; fileRef = 49760C1B2A9A8FDE0096FC89 /* LaunchScreen.storyboard */; };
		49760C282A9A8FDE0096FC89 /* MarsTests.swift in Sources */ = {isa = PBXBuildFile; fileRef = 49760C272A9A8FDE0096FC89 /* MarsTests.swift */; };
		49760C322A9A8FDE0096FC89 /* MarsUITests.swift in Sources */ = {isa = PBXBuildFile; fileRef = 49760C312A9A8FDE0096FC89 /* MarsUITests.swift */; };
		49760C342A9A8FDE0096FC89 /* MarsUITestsLaunchTests.swift in Sources */ = {isa = PBXBuildFile; fileRef = 49760C332A9A8FDE0096FC89 /* MarsUITestsLaunchTests.swift */; };
/* End PBXBuildFile section */

/* Begin PBXContainerItemProxy section */
		49760C242A9A8FDE0096FC89 /* PBXContainerItemProxy */ = {
			isa = PBXContainerItemProxy;
			containerPortal = 49760C052A9A8FDD0096FC89 /* Project object */;
			proxyType = 1;
			remoteGlobalIDString = 49760C0C2A9A8FDD0096FC89;
			remoteInfo = Mars;
		};
		49760C2E2A9A8FDE0096FC89 /* PBXContainerItemProxy */ = {
			isa = PBXContainerItemProxy;
			containerPortal = 49760C052A9A8FDD0096FC89 /* Project object */;
			proxyType = 1;
			remoteGlobalIDString = 49760C0C2A9A8FDD0096FC89;
			remoteInfo = Mars;
		};
/* End PBXContainerItemProxy section */

/* Begin PBXFileReference section */
		49760C0D2A9A8FDD0096FC89 /* Mars.app */ = {isa = PBXFileReference; explicitFileType = wrapper.application; includeInIndex = 0; path = Mars.app; sourceTree = BUILT_PRODUCTS_DIR; };
		49760C102A9A8FDD0096FC89 /* AppDelegate.swift */ = {isa = PBXFileReference; lastKnownFileType = sourcecode.swift; path = AppDelegate.swift; sourceTree = "<group>"; };
		49760C122A9A8FDD0096FC89 /* SceneDelegate.swift */ = {isa = PBXFileReference; lastKnownFileType = sourcecode.swift; path = SceneDelegate.swift; sourceTree = "<group>"; };
		49760C142A9A8FDD0096FC89 /* ViewController.swift */ = {isa = PBXFileReference; lastKnownFileType = sourcecode.swift; path = ViewController.swift; sourceTree = "<group>"; };
		49760C172A9A8FDD0096FC89 /* Base */ = {isa = PBXFileReference; lastKnownFileType = file.storyboard; name = Base; path = Base.lproj/Main.storyboard; sourceTree = "<group>"; };
		49760C192A9A8FDE0096FC89 /* Assets.xcassets */ = {isa = PBXFileReference; lastKnownFileType = folder.assetcatalog; path = Assets.xcassets; sourceTree = "<group>"; };
		49760C1C2A9A8FDE0096FC89 /* Base */ = {isa = PBXFileReference; lastKnownFileType = file.storyboard; name = Base; path = Base.lproj/LaunchScreen.storyboard; sourceTree = "<group>"; };
		49760C1E2A9A8FDE0096FC89 /* Info.plist */ = {isa = PBXFileReference; lastKnownFileType = text.plist.xml; path = Info.plist; sourceTree = "<group>"; };
		49760C232A9A8FDE0096FC89 /* MarsTests.xctest */ = {isa = PBXFileReference; explicitFileType = wrapper.cfbundle; includeInIndex = 0; path = MarsTests.xctest; sourceTree = BUILT_PRODUCTS_DIR; };
		49760C272A9A8FDE0096FC89 /* MarsTests.swift */ = {isa = PBXFileReference; lastKnownFileType = sourcecode.swift; path = MarsTests.swift; sourceTree = "<group>"; };
		49760C2D2A9A8FDE0096FC89 /* MarsUITests.xctest */ = {isa = PBXFileReference; explicitFileType = wrapper.cfbundle; includeInIndex = 0; path = MarsUITests.xctest; sourceTree = BUILT_PRODUCTS_DIR; };
		49760C312A9A8FDE0096FC89 /* MarsUITests.swift */ = {isa = PBXFileReference; lastKnownFileType = sourcecode.swift; path = MarsUITests.swift; sourceTree = "<group>"; };
		49760C332A9A8FDE0096FC89 /* MarsUITestsLaunchTests.swift */ = {isa = PBXFileReference; lastKnownFileType = sourcecode.swift; path = MarsUITestsLaunchTests.swift; sourceTree = "<group>"; };
/* End PBXFileReference section */

/* Begin PBXFrameworksBuildPhase section */
		49760C0A2A9A8FDD0096FC89 /* Frameworks */ = {
			isa = PBXFrameworksBuildPhase;
			buildActionMask = 2147483647;
			files = (
			);
			runOnlyForDeploymentPostprocessing = 0;
		};
		49760C202A9A8FDE0096FC89 /* Frameworks */ = {
			isa = PBXFrameworksBuildPhase;
			buildActionMask = 2147483647;
			files = (
			);
			runOnlyForDeploymentPostprocessing = 0;
		};
		49760C2A2A9A8FDE0096FC89 /* Frameworks */ = {
			isa = PBXFrameworksBuildPhase;
			buildActionMask = 2147483647;
			files = (
			);
			runOnlyForDeploymentPostprocessing = 0;
		};
/* End PBXFrameworksBuildPhase section */

/* Begin PBXGroup section */
		49760C042A9A8FDD0096FC89 = {
			isa = PBXGroup;
			children = (
				49760C0F2A9A8FDD0096FC89 /* Mars */,
				49760C262A9A8FDE0096FC89 /* MarsTests */,
				49760C302A9A8FDE0096FC89 /* MarsUITests */,
				49760C0E2A9A8FDD0096FC89 /* Products */,
			);
			sourceTree = "<group>";
		};
		49760C0E2A9A8FDD0096FC89 /* Products */ = {
			isa = PBXGroup;
			children = (
				49760C0D2A9A8FDD0096FC89 /* Mars.app */,
				49760C232A9A8FDE0096FC89 /* MarsTests.xctest */,
				49760C2D2A9A8FDE0096FC89 /* MarsUITests.xctest */,
			);
			name = Products;
			sourceTree = "<group>";
		};
		49760C0F2A9A8FDD0096FC89 /* Mars */ = {
			isa = PBXGroup;
			children = (
				49760C102A9A8FDD0096FC89 /* AppDelegate.swift */,
				49760C122A9A8FDD0096FC89 /* SceneDelegate.swift */,
				49760C142A9A8FDD0096FC89 /* ViewController.swift */,
				49760C162A9A8FDD0096FC89 /* Main.storyboard */,
				49760C192A9A8FDE0096FC89 /* Assets.xcassets */,
				49760C1B2A9A8FDE0096FC89 /* LaunchScreen.storyboard */,
				49760C1E2A9A8FDE0096FC89 /* Info.plist */,
			);
			path = Mars;
			sourceTree = "<group>";
		};
		49760C262A9A8FDE0096FC89 /* MarsTests */ = {
			isa = PBXGroup;
			children = (
				49760C272A9A8FDE0096FC89 /* MarsTests.swift */,
			);
			path = MarsTests;
			sourceTree = "<group>";
		};
		49760C302A9A8FDE0096FC89 /* MarsUITests */ = {
			isa = PBXGroup;
			children = (
				49760C312A9A8FDE0096FC89 /* MarsUITests.swift */,
				49760C332A9A8FDE0096FC89 /* MarsUITestsLaunchTests.swift */,
			);
			path = MarsUITests;
			sourceTree = "<group>";
		};
/* End PBXGroup section */

/* Begin PBXNativeTarget section */
		49760C0C2A9A8FDD0096FC89 /* Mars */ = {
			isa = PBXNativeTarget;
			buildConfigurationList = 49760C372A9A8FDE0096FC89 /* Build configuration list for PBXNativeTarget "Mars" */;
			buildPhases = (
				49760C092A9A8FDD0096FC89 /* Sources */,
				49760C0A2A9A8FDD0096FC89 /* Frameworks */,
				49760C0B2A9A8FDD0096FC89 /* Resources */,
			);
			buildRules = (
			);
			dependencies = (
			);
			name = Mars;
			productName = Mars;
			productReference = 49760C0D2A9A8FDD0096FC89 /* Mars.app */;
			productType = "com.apple.product-type.application";
		};
		49760C222A9A8FDE0096FC89 /* MarsTests */ = {
			isa = PBXNativeTarget;
			buildConfigurationList = 49760C3A2A9A8FDE0096FC89 /* Build configuration list for PBXNativeTarget "MarsTests" */;
			buildPhases = (
				49760C1F2A9A8FDE0096FC89 /* Sources */,
				49760C202A9A8FDE0096FC89 /* Frameworks */,
				49760C212A9A8FDE0096FC89 /* Resources */,
			);
			buildRules = (
			);
			dependencies = (
				49760C252A9A8FDE0096FC89 /* PBXTargetDependency */,
			);
			name = MarsTests;
			productName = MarsTests;
			productReference = 49760C232A9A8FDE0096FC89 /* MarsTests.xctest */;
			productType = "com.apple.product-type.bundle.unit-test";
		};
		49760C2C2A9A8FDE0096FC89 /* MarsUITests */ = {
			isa = PBXNativeTarget;
			buildConfigurationList = 49760C3D2A9A8FDE0096FC89 /* Build configuration list for PBXNativeTarget "MarsUITests" */;
			buildPhases = (
				49760C292A9A8FDE0096FC89 /* Sources */,
				49760C2A2A9A8FDE0096FC89 /* Frameworks */,
				49760C2B2A9A8FDE0096FC89 /* Resources */,
			);
			buildRules = (
			);
			dependencies = (
				49760C2F2A9A8FDE0096FC89 /* PBXTargetDependency */,
			);
			name = MarsUITests;
			productName = MarsUITests;
			productReference = 49760C2D2A9A8FDE0096FC89 /* MarsUITests.xctest */;
			productType = "com.apple.product-type.bundle.ui-testing";
		};
/* End PBXNativeTarget section */

/* Begin PBXProject section */
		49760C052A9A8FDD0096FC89 /* Project object */ = {
			isa = PBXProject;
			attributes = {
				BuildIndependentTargetsInParallel = 1;
				LastSwiftUpdateCheck = 1430;
				LastUpgradeCheck = 1430;
				TargetAttributes = {
					49760C0C2A9A8FDD0096FC89 = {
						CreatedOnToolsVersion = 14.3.1;
					};
					49760C222A9A8FDE0096FC89 = {
						CreatedOnToolsVersion = 14.3.1;
						TestTargetID = 49760C0C2A9A8FDD0096FC89;
					};
					49760C2C2A9A8FDE0096FC89 = {
						CreatedOnToolsVersion = 14.3.1;
						TestTargetID = 49760C0C2A9A8FDD0096FC89;
					};
				};
			};
			buildConfigurationList = 49760C082A9A8FDD0096FC89 /* Build configuration list for PBXProject "Mars" */;
			compatibilityVersion = "Xcode 14.0";
			developmentRegion = en;
			hasScannedForEncodings = 0;
			knownRegions = (
				en,
				Base,
			);
			mainGroup = 49760C042A9A8FDD0096FC89;
			productRefGroup = 49760C0E2A9A8FDD0096FC89 /* Products */;
			projectDirPath = "";
			projectRoot = "";
			targets = (
				49760C0C2A9A8FDD0096FC89 /* Mars */,
				49760C222A9A8FDE0096FC89 /* MarsTests */,
				49760C2C2A9A8FDE0096FC89 /* MarsUITests */,
			);
		};
/* End PBXProject section */

/* Begin PBXResourcesBuildPhase section */
		49760C0B2A9A8FDD0096FC89 /* Resources */ = {
			isa = PBXResourcesBuildPhase;
			buildActionMask = 2147483647;
			files = (
				49760C1D2A9A8FDE0096FC89 /* LaunchScreen.storyboard in Resources */,
				49760C1A2A9A8FDE0096FC89 /* Assets.xcassets in Resources */,
				49760C182A9A8FDD0096FC89 /* Main.storyboard in Resources */,
			);
			runOnlyForDeploymentPostprocessing = 0;
		};
		49760C212A9A8FDE0096FC89 /* Resources */ = {
			isa = PBXResourcesBuildPhase;
			buildActionMask = 2147483647;
			files = (
			);
			runOnlyForDeploymentPostprocessing = 0;
		};
		49760C2B2A9A8FDE0096FC89 /* Resources */ = {
			isa = PBXResourcesBuildPhase;
			buildActionMask = 2147483647;
			files = (
			);
			runOnlyForDeploymentPostprocessing = 0;
		};
/* End PBXResourcesBuildPhase section */

/* Begin PBXSourcesBuildPhase section */
		49760C092A9A8FDD0096FC89 /* Sources */ = {
			isa = PBXSourcesBuildPhase;
			buildActionMask = 2147483647;
			files = (
				49760C152A9A8FDD0096FC89 /* ViewController.swift in Sources */,
				49760C112A9A8FDD0096FC89 /* AppDelegate.swift in Sources */,
				49760C132A9A8FDD0096FC89 /* SceneDelegate.swift in Sources */,
			);
			runOnlyForDeploymentPostprocessing = 0;
		};
		49760C1F2A9A8FDE0096FC89 /* Sources */ = {
			isa = PBXSourcesBuildPhase;
			buildActionMask = 2147483647;
			files = (
				49760C282A9A8FDE0096FC89 /* MarsTests.swift in Sources */,
			);
			runOnlyForDeploymentPostprocessing = 0;
		};
		49760C292A9A8FDE0096FC89 /* Sources */ = {
			isa = PBXSourcesBuildPhase;
			buildActionMask = 2147483647;
			files = (
				49760C322A9A8FDE0096FC89 /* MarsUITests.swift in Sources */,
				49760C342A9A8FDE0096FC89 /* MarsUITestsLaunchTests.swift in Sources */,
			);
			runOnlyForDeploymentPostprocessing = 0;
		};
/* End PBXSourcesBuildPhase section */

/* Begin PBXTargetDependency section */
		49760C252A9A8FDE0096FC89 /* PBXTargetDependency */ = {
			isa = PBXTargetDependency;
			target = 49760C0C2A9A8FDD0096FC89 /* Mars */;
			targetProxy = 49760C242A9A8FDE0096FC89 /* PBXContainerItemProxy */;
		};
		49760C2F2A9A8FDE0096FC89 /* PBXTargetDependency */ = {
			isa = PBXTargetDependency;
			target = 49760C0C2A9A8FDD0096FC89 /* Mars */;
			targetProxy = 49760C2E2A9A8FDE0096FC89 /* PBXContainerItemProxy */;
		};
/* End PBXTargetDependency section */

/* Begin PBXVariantGroup section */
		49760C162A9A8FDD0096FC89 /* Main.storyboard */ = {
			isa = PBXVariantGroup;
			children = (
				49760C172A9A8FDD0096FC89 /* Base */,
			);
			name = Main.storyboard;
			sourceTree = "<group>";
		};
		49760C1B2A9A8FDE0096FC89 /* LaunchScreen.storyboard */ = {
			isa = PBXVariantGroup;
			children = (
				49760C1C2A9A8FDE0096FC89 /* Base */,
			);
			name = LaunchScreen.storyboard;
			sourceTree = "<group>";
		};
/* End PBXVariantGroup section */

/* Begin XCBuildConfiguration section */
		49760C352A9A8FDE0096FC89 /* Debug */ = {
			isa = XCBuildConfiguration;
			buildSettings = {
				ALWAYS_SEARCH_USER_PATHS = NO;
				CLANG_ANALYZER_NONNULL = YES;
				CLANG_ANALYZER_NUMBER_OBJECT_CONVERSION = YES_AGGRESSIVE;
				CLANG_CXX_LANGUAGE_STANDARD = "gnu++20";
				CLANG_ENABLE_MODULES = YES;
				CLANG_ENABLE_OBJC_ARC = YES;
				CLANG_ENABLE_OBJC_WEAK = YES;
				CLANG_WARN_BLOCK_CAPTURE_AUTORELEASING = YES;
				CLANG_WARN_BOOL_CONVERSION = YES;
				CLANG_WARN_COMMA = YES;
				CLANG_WARN_CONSTANT_CONVERSION = YES;
				CLANG_WARN_DEPRECATED_OBJC_IMPLEMENTATIONS = YES;
				CLANG_WARN_DIRECT_OBJC_ISA_USAGE = YES_ERROR;
				CLANG_WARN_DOCUMENTATION_COMMENTS = YES;
				CLANG_WARN_EMPTY_BODY = YES;
				CLANG_WARN_ENUM_CONVERSION = YES;
				CLANG_WARN_INFINITE_RECURSION = YES;
				CLANG_WARN_INT_CONVERSION = YES;
				CLANG_WARN_NON_LITERAL_NULL_CONVERSION = YES;
				CLANG_WARN_OBJC_IMPLICIT_RETAIN_SELF = YES;
				CLANG_WARN_OBJC_LITERAL_CONVERSION = YES;
				CLANG_WARN_OBJC_ROOT_CLASS = YES_ERROR;
				CLANG_WARN_QUOTED_INCLUDE_IN_FRAMEWORK_HEADER = YES;
				CLANG_WARN_RANGE_LOOP_ANALYSIS = YES;
				CLANG_WARN_STRICT_PROTOTYPES = YES;
				CLANG_WARN_SUSPICIOUS_MOVE = YES;
				CLANG_WARN_UNGUARDED_AVAILABILITY = YES_AGGRESSIVE;
				CLANG_WARN_UNREACHABLE_CODE = YES;
				CLANG_WARN__DUPLICATE_METHOD_MATCH = YES;
				COPY_PHASE_STRIP = NO;
				DEBUG_INFORMATION_FORMAT = dwarf;
				ENABLE_STRICT_OBJC_MSGSEND = YES;
				ENABLE_TESTABILITY = YES;
				GCC_C_LANGUAGE_STANDARD = gnu11;
				GCC_DYNAMIC_NO_PIC = NO;
				GCC_NO_COMMON_BLOCKS = YES;
				GCC_OPTIMIZATION_LEVEL = 0;
				GCC_PREPROCESSOR_DEFINITIONS = (
					"DEBUG=1",
					"$(inherited)",
				);
				GCC_WARN_64_TO_32_BIT_CONVERSION = YES;
				GCC_WARN_ABOUT_RETURN_TYPE = YES_ERROR;
				GCC_WARN_UNDECLARED_SELECTOR = YES;
				GCC_WARN_UNINITIALIZED_AUTOS = YES_AGGRESSIVE;
				GCC_WARN_UNUSED_FUNCTION = YES;
				GCC_WARN_UNUSED_VARIABLE = YES;
				IPHONEOS_DEPLOYMENT_TARGET = 16.4;
				MTL_ENABLE_DEBUG_INFO = INCLUDE_SOURCE;
				MTL_FAST_MATH = YES;
				ONLY_ACTIVE_ARCH = YES;
				SDKROOT = iphoneos;
				SWIFT_ACTIVE_COMPILATION_CONDITIONS = DEBUG;
				SWIFT_OPTIMIZATION_LEVEL = "-Onone";
			};
			name = Debug;
		};
		49760C362A9A8FDE0096FC89 /* Release */ = {
			isa = XCBuildConfiguration;
			buildSettings = {
				ALWAYS_SEARCH_USER_PATHS = NO;
				CLANG_ANALYZER_NONNULL = YES;
				CLANG_ANALYZER_NUMBER_OBJECT_CONVERSION = YES_AGGRESSIVE;
				CLANG_CXX_LANGUAGE_STANDARD = "gnu++20";
				CLANG_ENABLE_MODULES = YES;
				CLANG_ENABLE_OBJC_ARC = YES;
				CLANG_ENABLE_OBJC_WEAK = YES;
				CLANG_WARN_BLOCK_CAPTURE_AUTORELEASING = YES;
				CLANG_WARN_BOOL_CONVERSION = YES;
				CLANG_WARN_COMMA = YES;
				CLANG_WARN_CONSTANT_CONVERSION = YES;
				CLANG_WARN_DEPRECATED_OBJC_IMPLEMENTATIONS = YES;
				CLANG_WARN_DIRECT_OBJC_ISA_USAGE = YES_ERROR;
				CLANG_WARN_DOCUMENTATION_COMMENTS = YES;
				CLANG_WARN_EMPTY_BODY = YES;
				CLANG_WARN_ENUM_CONVERSION = YES;
				CLANG_WARN_INFINITE_RECURSION = YES;
				CLANG_WARN_INT_CONVERSION = YES;
				CLANG_WARN_NON_LITERAL_NULL_CONVERSION = YES;
				CLANG_WARN_OBJC_IMPLICIT_RETAIN_SELF = YES;
				CLANG_WARN_OBJC_LITERAL_CONVERSION = YES;
				CLANG_WARN_OBJC_ROOT_CLASS = YES_ERROR;
				CLANG_WARN_QUOTED_INCLUDE_IN_FRAMEWORK_HEADER = YES;
				CLANG_WARN_RANGE_LOOP_ANALYSIS = YES;
				CLANG_WARN_STRICT_PROTOTYPES = YES;
				CLANG_WARN_SUSPICIOUS_MOVE = YES;
				CLANG_WARN_UNGUARDED_AVAILABILITY = YES_AGGRESSIVE;
				CLANG_WARN_UNREACHABLE_CODE = YES;
				CLANG_WARN__DUPLICATE_METHOD_MATCH = YES;
				COPY_PHASE_STRIP = NO;
				DEBUG_INFORMATION_FORMAT = "dwarf-with-dsym";
				ENABLE_NS_ASSERTIONS = NO;
				ENABLE_STRICT_OBJC_MSGSEND = YES;
				GCC_C_LANGUAGE_STANDARD = gnu11;
				GCC_NO_COMMON_BLOCKS = YES;
				GCC_WARN_64_TO_32_BIT_CONVERSION = YES;
				GCC_WARN_ABOUT_RETURN_TYPE = YES_ERROR;
				GCC_WARN_UNDECLARED_SELECTOR = YES;
				GCC_WARN_UNINITIALIZED_AUTOS = YES_AGGRESSIVE;
				GCC_WARN_UNUSED_FUNCTION = YES;
				GCC_WARN_UNUSED_VARIABLE = YES;
				IPHONEOS_DEPLOYMENT_TARGET = 16.4;
				MTL_ENABLE_DEBUG_INFO = NO;
				MTL_FAST_MATH = YES;
				SDKROOT = iphoneos;
				SWIFT_COMPILATION_MODE = wholemodule;
				SWIFT_OPTIMIZATION_LEVEL = "-O";
				VALIDATE_PRODUCT = YES;
			};
			name = Release;
		};
		49760C382A9A8FDE0096FC89 /* Debug */ = {
			isa = XCBuildConfiguration;
			buildSettings = {
				ASSETCATALOG_COMPILER_APPICON_NAME = AppIcon;
				ASSETCATALOG_COMPILER_GLOBAL_ACCENT_COLOR_NAME = AccentColor;
				CODE_SIGN_STYLE = Automatic;
				CURRENT_PROJECT_VERSION = 1;
				GENERATE_INFOPLIST_FILE = YES;
				INFOPLIST_FILE = Mars/Info.plist;
				INFOPLIST_KEY_UIApplicationSupportsIndirectInputEvents = YES;
				INFOPLIST_KEY_UILaunchStoryboardName = LaunchScreen;
				INFOPLIST_KEY_UIMainStoryboardFile = Main;
				INFOPLIST_KEY_UISupportedInterfaceOrientations_iPad = "UIInterfaceOrientationPortrait UIInterfaceOrientationPortraitUpsideDown UIInterfaceOrientationLandscapeLeft UIInterfaceOrientationLandscapeRight";
				INFOPLIST_KEY_UISupportedInterfaceOrientations_iPhone = "UIInterfaceOrientationPortrait UIInterfaceOrientationLandscapeLeft UIInterfaceOrientationLandscapeRight";
				LD_RUNPATH_SEARCH_PATHS = (
					"$(inherited)",
					"@executable_path/Frameworks",
				);
				MARKETING_VERSION = 1.0;
				PRODUCT_BUNDLE_IDENTIFIER = com.mac.Mars;
				PRODUCT_NAME = "$(TARGET_NAME)";
				SWIFT_EMIT_LOC_STRINGS = YES;
				SWIFT_VERSION = 5.0;
				TARGETED_DEVICE_FAMILY = "1,2";
			};
			name = Debug;
		};
		49760C392A9A8FDE0096FC89 /* Release */ = {
			isa = XCBuildConfiguration;
			buildSettings = {
				ASSETCATALOG_COMPILER_APPICON_NAME = AppIcon;
				ASSETCATALOG_COMPILER_GLOBAL_ACCENT_COLOR_NAME = AccentColor;
				CODE_SIGN_STYLE = Automatic;
				CURRENT_PROJECT_VERSION = 1;
				GENERATE_INFOPLIST_FILE = YES;
				INFOPLIST_FILE = Mars/Info.plist;
				INFOPLIST_KEY_UIApplicationSupportsIndirectInputEvents = YES;
				INFOPLIST_KEY_UILaunchStoryboardName = LaunchScreen;
				INFOPLIST_KEY_UIMainStoryboardFile = Main;
				INFOPLIST_KEY_UISupportedInterfaceOrientations_iPad = "UIInterfaceOrientationPortrait UIInterfaceOrientationPortraitUpsideDown UIInterfaceOrientationLandscapeLeft UIInterfaceOrientationLandscapeRight";
				INFOPLIST_KEY_UISupportedInterfaceOrientations_iPhone = "UIInterfaceOrientationPortrait UIInterfaceOrientationLandscapeLeft UIInterfaceOrientationLandscapeRight";
				LD_RUNPATH_SEARCH_PATHS = (
					"$(inherited)",
					"@executable_path/Frameworks",
				);
				MARKETING_VERSION = 1.0;
				PRODUCT_BUNDLE_IDENTIFIER = com.mac.Mars;
				PRODUCT_NAME = "$(TARGET_NAME)";
				SWIFT_EMIT_LOC_STRINGS = YES;
				SWIFT_VERSION = 5.0;
				TARGETED_DEVICE_FAMILY = "1,2";
			};
			name = Release;
		};
		49760C3B2A9A8FDE0096FC89 /* Debug */ = {
			isa = XCBuildConfiguration;
			buildSettings = {
				ALWAYS_EMBED_SWIFT_STANDARD_LIBRARIES = YES;
				BUNDLE_LOADER = "$(TEST_HOST)";
				CODE_SIGN_STYLE = Automatic;
				CURRENT_PROJECT_VERSION = 1;
				GENERATE_INFOPLIST_FILE = YES;
				IPHONEOS_DEPLOYMENT_TARGET = 16.4;
				MARKETING_VERSION = 1.0;
				PRODUCT_BUNDLE_IDENTIFIER = com.mac.MarsTests;
				PRODUCT_NAME = "$(TARGET_NAME)";
				SWIFT_EMIT_LOC_STRINGS = NO;
				SWIFT_VERSION = 5.0;
				TARGETED_DEVICE_FAMILY = "1,2";
				TEST_HOST = "$(BUILT_PRODUCTS_DIR)/Mars.app/$(BUNDLE_EXECUTABLE_FOLDER_PATH)/Mars";
			};
			name = Debug;
		};
		49760C3C2A9A8FDE0096FC89 /* Release */ = {
			isa = XCBuildConfiguration;
			buildSettings = {
				ALWAYS_EMBED_SWIFT_STANDARD_LIBRARIES = YES;
				BUNDLE_LOADER = "$(TEST_HOST)";
				CODE_SIGN_STYLE = Automatic;
				CURRENT_PROJECT_VERSION = 1;
				GENERATE_INFOPLIST_FILE = YES;
				IPHONEOS_DEPLOYMENT_TARGET = 16.4;
				MARKETING_VERSION = 1.0;
				PRODUCT_BUNDLE_IDENTIFIER = com.mac.MarsTests;
				PRODUCT_NAME = "$(TARGET_NAME)";
				SWIFT_EMIT_LOC_STRINGS = NO;
				SWIFT_VERSION = 5.0;
				TARGETED_DEVICE_FAMILY = "1,2";
				TEST_HOST = "$(BUILT_PRODUCTS_DIR)/Mars.app/$(BUNDLE_EXECUTABLE_FOLDER_PATH)/Mars";
			};
			name = Release;
		};
		49760C3E2A9A8FDE0096FC89 /* Debug */ = {
			isa = XCBuildConfiguration;
			buildSettings = {
				ALWAYS_EMBED_SWIFT_STANDARD_LIBRARIES = YES;
				CODE_SIGN_STYLE = Automatic;
				CURRENT_PROJECT_VERSION = 1;
				GENERATE_INFOPLIST_FILE = YES;
				MARKETING_VERSION = 1.0;
				PRODUCT_BUNDLE_IDENTIFIER = com.mac.MarsUITests;
				PRODUCT_NAME = "$(TARGET_NAME)";
				SWIFT_EMIT_LOC_STRINGS = NO;
				SWIFT_VERSION = 5.0;
				TARGETED_DEVICE_FAMILY = "1,2";
				TEST_TARGET_NAME = Mars;
			};
			name = Debug;
		};
		49760C3F2A9A8FDE0096FC89 /* Release */ = {
			isa = XCBuildConfiguration;
			buildSettings = {
				ALWAYS_EMBED_SWIFT_STANDARD_LIBRARIES = YES;
				CODE_SIGN_STYLE = Automatic;
				CURRENT_PROJECT_VERSION = 1;
				GENERATE_INFOPLIST_FILE = YES;
				MARKETING_VERSION = 1.0;
				PRODUCT_BUNDLE_IDENTIFIER = com.mac.MarsUITests;
				PRODUCT_NAME = "$(TARGET_NAME)";
				SWIFT_EMIT_LOC_STRINGS = NO;
				SWIFT_VERSION = 5.0;
				TARGETED_DEVICE_FAMILY = "1,2";
				TEST_TARGET_NAME = Mars;
			};
			name = Release;
		};
/* End XCBuildConfiguration section */

/* Begin XCConfigurationList section */
		49760C082A9A8FDD0096FC89 /* Build configuration list for PBXProject "Mars" */ = {
			isa = XCConfigurationList;
			buildConfigurations = (
				49760C352A9A8FDE0096FC89 /* Debug */,
				49760C362A9A8FDE0096FC89 /* Release */,
			);
			defaultConfigurationIsVisible = 0;
			defaultConfigurationName = Release;
		};
		49760C372A9A8FDE0096FC89 /* Build configuration list for PBXNativeTarget "Mars" */ = {
			isa = XCConfigurationList;
			buildConfigurations = (
				49760C382A9A8FDE0096FC89 /* Debug */,
				49760C392A9A8FDE0096FC89 /* Release */,
			);
			defaultConfigurationIsVisible = 0;
			defaultConfigurationName = Release;
		};
		49760C3A2A9A8FDE0096FC89 /* Build configuration list for PBXNativeTarget "MarsTests" */ = {
			isa = XCConfigurationList;
			buildConfigurations = (
				49760C3B2A9A8FDE0096FC89 /* Debug */,
				49760C3C2A9A8FDE0096FC89 /* Release */,
			);
			defaultConfigurationIsVisible = 0;
			defaultConfigurationName = Release;
		};
		49760C3D2A9A8FDE0096FC89 /* Build configuration list for PBXNativeTarget "MarsUITests" */ = {
			isa = XCConfigurationList;
			buildConfigurations = (
				49760C3E2A9A8FDE0096FC89 /* Debug */,
				49760C3F2A9A8FDE0096FC89 /* Release */,
			);
			defaultConfigurationIsVisible = 0;
			defaultConfigurationName = Release;
		};
/* End XCConfigurationList section */
	};
	rootObject = 49760C052A9A8FDD0096FC89 /* Project object */;
}
